
Microsoft Visual Studio Solution File, Format Version 12.00
Project("{FAE04EC0-301F-11D3-BF4B-00C04F79EFBC}") = "ActDigital.Store.WebApi", "ActDigital.Store.WebApi\ActDigital.Store.WebApi.csproj", "{BB8488DC-E87A-4EB4-B5E8-0176C341A998}"
EndProject
Project("{2150E333-8FDC-42A3-9474-1A3956D46DE8}") = "WebApps", "WebApps", "{B168EA0B-9C18-4C29-8CDF-B9D874F0EC26}"
EndProject
Project("{2150E333-8FDC-42A3-9474-1A3956D46DE8}") = "Services", "Services", "{7E9E6FFD-1AEA-4CEF-997B-2F34697EE4D6}"
EndProject
Project("{2150E333-8FDC-42A3-9474-1A3956D46DE8}") = "Core", "Core", "{A6B8B1CA-367F-4DAE-BE06-73901172C6F1}"
EndProject
Project("{FAE04EC0-301F-11D3-BF4B-00C04F79EFBC}") = "ActDigital.Store.Core", "ActDigital.Store.Core\ActDigital.Store.Core.csproj", "{6BE53471-F857-4A6A-B6C5-9792B8627C5B}"
EndProject
Project("{2150E333-8FDC-42A3-9474-1A3956D46DE8}") = "Sales", "Sales", "{7E4BEFA5-E83B-463D-AF9B-9FB6832F9A13}"
EndProject
Project("{FAE04EC0-301F-11D3-BF4B-00C04F79EFBC}") = "ActDigital.Store.Sales.Application", "ActDigital.Store.Sales.Application\ActDigital.Store.Sales.Application.csproj", "{875A3CE1-4811-46F7-A9C3-77DFB620ADC9}"
EndProject
Project("{FAE04EC0-301F-11D3-BF4B-00C04F79EFBC}") = "ActDigital.Store.Sales.Infrastructure", "ActDigital.Store.Sales.Infrastructure\ActDigital.Store.Sales.Infrastructure.csproj", "{ED1B3767-C786-4F15-86E3-2B2E1977DA4F}"
EndProject
Project("{FAE04EC0-301F-11D3-BF4B-00C04F79EFBC}") = "ActDigital.Store.Sales.Domain", "ActDigital.Store.Sales.Domain\ActDigital.Store.Sales.Domain.csproj", "{F3846988-1B4E-473F-AD6D-A47BB83AF4D9}"
EndProject
Project("{FAE04EC0-301F-11D3-BF4B-00C04F79EFBC}") = "ActDigital.Store.Sales.Tests", "ActDigital.Store.Sales.Tests\ActDigital.Store.Sales.Tests.csproj", "{C5FD3229-6DF7-4D03-9B2B-8A0271430CF7}"
EndProject
Project("{2150E333-8FDC-42A3-9474-1A3956D46DE8}") = "BuildingEvents", "BuildingEvents", "{3FE799BD-0ECC-4AC4-8A28-0749285C675D}"
EndProject
Project("{FAE04EC0-301F-11D3-BF4B-00C04F79EFBC}") = "EventSourcing", "EventSourcing\EventSourcing.csproj", "{BDDFA879-7CB8-416B-80C9-47A8031C4710}"
EndProject
Global
	GlobalSection(SolutionConfigurationPlatforms) = preSolution
		Debug|Any CPU = Debug|Any CPU
		Release|Any CPU = Release|Any CPU
	EndGlobalSection
	GlobalSection(ProjectConfigurationPlatforms) = postSolution
		{BB8488DC-E87A-4EB4-B5E8-0176C341A998}.Debug|Any CPU.ActiveCfg = Debug|Any CPU
		{BB8488DC-E87A-4EB4-B5E8-0176C341A998}.Debug|Any CPU.Build.0 = Debug|Any CPU
		{BB8488DC-E87A-4EB4-B5E8-0176C341A998}.Release|Any CPU.ActiveCfg = Release|Any CPU
		{BB8488DC-E87A-4EB4-B5E8-0176C341A998}.Release|Any CPU.Build.0 = Release|Any CPU
		{6BE53471-F857-4A6A-B6C5-9792B8627C5B}.Debug|Any CPU.ActiveCfg = Debug|Any CPU
		{6BE53471-F857-4A6A-B6C5-9792B8627C5B}.Debug|Any CPU.Build.0 = Debug|Any CPU
		{6BE53471-F857-4A6A-B6C5-9792B8627C5B}.Release|Any CPU.ActiveCfg = Release|Any CPU
		{6BE53471-F857-4A6A-B6C5-9792B8627C5B}.Release|Any CPU.Build.0 = Release|Any CPU
		{875A3CE1-4811-46F7-A9C3-77DFB620ADC9}.Debug|Any CPU.ActiveCfg = Debug|Any CPU
		{875A3CE1-4811-46F7-A9C3-77DFB620ADC9}.Debug|Any CPU.Build.0 = Debug|Any CPU
		{875A3CE1-4811-46F7-A9C3-77DFB620ADC9}.Release|Any CPU.ActiveCfg = Release|Any CPU
		{875A3CE1-4811-46F7-A9C3-77DFB620ADC9}.Release|Any CPU.Build.0 = Release|Any CPU
		{ED1B3767-C786-4F15-86E3-2B2E1977DA4F}.Debug|Any CPU.ActiveCfg = Debug|Any CPU
		{ED1B3767-C786-4F15-86E3-2B2E1977DA4F}.Debug|Any CPU.Build.0 = Debug|Any CPU
		{ED1B3767-C786-4F15-86E3-2B2E1977DA4F}.Release|Any CPU.ActiveCfg = Release|Any CPU
		{ED1B3767-C786-4F15-86E3-2B2E1977DA4F}.Release|Any CPU.Build.0 = Release|Any CPU
		{F3846988-1B4E-473F-AD6D-A47BB83AF4D9}.Debug|Any CPU.ActiveCfg = Debug|Any CPU
		{F3846988-1B4E-473F-AD6D-A47BB83AF4D9}.Debug|Any CPU.Build.0 = Debug|Any CPU
		{F3846988-1B4E-473F-AD6D-A47BB83AF4D9}.Release|Any CPU.ActiveCfg = Release|Any CPU
		{F3846988-1B4E-473F-AD6D-A47BB83AF4D9}.Release|Any CPU.Build.0 = Release|Any CPU
		{C5FD3229-6DF7-4D03-9B2B-8A0271430CF7}.Debug|Any CPU.ActiveCfg = Debug|Any CPU
		{C5FD3229-6DF7-4D03-9B2B-8A0271430CF7}.Debug|Any CPU.Build.0 = Debug|Any CPU
		{C5FD3229-6DF7-4D03-9B2B-8A0271430CF7}.Release|Any CPU.ActiveCfg = Release|Any CPU
		{C5FD3229-6DF7-4D03-9B2B-8A0271430CF7}.Release|Any CPU.Build.0 = Release|Any CPU
		{BDDFA879-7CB8-416B-80C9-47A8031C4710}.Debug|Any CPU.ActiveCfg = Debug|Any CPU
		{BDDFA879-7CB8-416B-80C9-47A8031C4710}.Debug|Any CPU.Build.0 = Debug|Any CPU
		{BDDFA879-7CB8-416B-80C9-47A8031C4710}.Release|Any CPU.ActiveCfg = Release|Any CPU
		{BDDFA879-7CB8-416B-80C9-47A8031C4710}.Release|Any CPU.Build.0 = Release|Any CPU
	EndGlobalSection
	GlobalSection(NestedProjects) = preSolution
		{BB8488DC-E87A-4EB4-B5E8-0176C341A998} = {B168EA0B-9C18-4C29-8CDF-B9D874F0EC26}
		{A6B8B1CA-367F-4DAE-BE06-73901172C6F1} = {7E9E6FFD-1AEA-4CEF-997B-2F34697EE4D6}
		{6BE53471-F857-4A6A-B6C5-9792B8627C5B} = {A6B8B1CA-367F-4DAE-BE06-73901172C6F1}
		{7E4BEFA5-E83B-463D-AF9B-9FB6832F9A13} = {7E9E6FFD-1AEA-4CEF-997B-2F34697EE4D6}
		{875A3CE1-4811-46F7-A9C3-77DFB620ADC9} = {7E4BEFA5-E83B-463D-AF9B-9FB6832F9A13}
		{ED1B3767-C786-4F15-86E3-2B2E1977DA4F} = {7E4BEFA5-E83B-463D-AF9B-9FB6832F9A13}
		{F3846988-1B4E-473F-AD6D-A47BB83AF4D9} = {7E4BEFA5-E83B-463D-AF9B-9FB6832F9A13}
		{C5FD3229-6DF7-4D03-9B2B-8A0271430CF7} = {7E4BEFA5-E83B-463D-AF9B-9FB6832F9A13}
		{BDDFA879-7CB8-416B-80C9-47A8031C4710} = {3FE799BD-0ECC-4AC4-8A28-0749285C675D}
	EndGlobalSection
EndGlobal
